
Microsoft Visual Studio Solution File, Format Version 12.00
# Visual Studio Version 17
VisualStudioVersion = 17.3.32825.248
MinimumVisualStudioVersion = 10.0.40219.1
Project("{989C1B02-FB45-4FE0-9E25-80FCEB515EDD}") = "Harp.TimestampGeneratorGen3", "Harp.TimestampGeneratorGen3\Harp.TimestampGeneratorGen3.csproj", "{D33D8016-8B4D-4FE4-A389-EED134194B9A}"
EndProject
Global
	GlobalSection(SolutionConfigurationPlatforms) = preSolution
		Debug|Any CPU = Debug|Any CPU
		Release|Any CPU = Release|Any CPU
	EndGlobalSection
	GlobalSection(ProjectConfigurationPlatforms) = postSolution
		{D33D8016-8B4D-4FE4-A389-EED134194B9A}.Debug|Any CPU.ActiveCfg = Debug|Any CPU
		{D33D8016-8B4D-4FE4-A389-EED134194B9A}.Debug|Any CPU.Build.0 = Debug|Any CPU
		{D33D8016-8B4D-4FE4-A389-EED134194B9A}.Release|Any CPU.ActiveCfg = Release|Any CPU
		{D33D8016-8B4D-4FE4-A389-EED134194B9A}.Release|Any CPU.Build.0 = Release|Any CPU
	EndGlobalSection
	GlobalSection(SolutionProperties) = preSolution
		HideSolutionNode = FALSE
	EndGlobalSection
	GlobalSection(ExtensibilityGlobals) = postSolution
		SolutionGuid = {3D488FE3-E325-47E6-85C4-93686343DF69}
	EndGlobalSection
EndGlobal
